// !$*UTF8*$!
{
	archiveVersion = 1;
	classes = {
	};
	objectVersion = 46;
	objects = {

/* Begin PBXBuildFile section */
		DEB67A371E8195A600705FDF /* AppDelegate.swift in Sources */ = {isa = PBXBuildFile; fileRef = DEB67A361E8195A600705FDF /* AppDelegate.swift */; };
		DEB67A391E8195A600705FDF /* ViewController.swift in Sources */ = {isa = PBXBuildFile; fileRef = DEB67A381E8195A600705FDF /* ViewController.swift */; };
		DEB67A3C1E8195A600705FDF /* Main.storyboard in Resources */ = {isa = PBXBuildFile; fileRef = DEB67A3A1E8195A600705FDF /* Main.storyboard */; };
		DEB67A3E1E8195A600705FDF /* Assets.xcassets in Resources */ = {isa = PBXBuildFile; fileRef = DEB67A3D1E8195A600705FDF /* Assets.xcassets */; };
		DEB67A411E8195A600705FDF /* LaunchScreen.storyboard in Resources */ = {isa = PBXBuildFile; fileRef = DEB67A3F1E8195A600705FDF /* LaunchScreen.storyboard */; };
		DEB67A491E819B7E00705FDF /* rihanna_giphy.gif in Resources */ = {isa = PBXBuildFile; fileRef = DEB67A481E819B7E00705FDF /* rihanna_giphy.gif */; };
		DEB67A511E81A00B00705FDF /* UserNotifications.framework in Frameworks */ = {isa = PBXBuildFile; fileRef = DEB67A501E81A00B00705FDF /* UserNotifications.framework */; };
		DEB67A531E81A00B00705FDF /* UserNotificationsUI.framework in Frameworks */ = {isa = PBXBuildFile; fileRef = DEB67A521E81A00B00705FDF /* UserNotificationsUI.framework */; };
		DEB67A561E81A00B00705FDF /* NotificationViewController.swift in Sources */ = {isa = PBXBuildFile; fileRef = DEB67A551E81A00B00705FDF /* NotificationViewController.swift */; };
		DEB67A591E81A00B00705FDF /* MainInterface.storyboard in Resources */ = {isa = PBXBuildFile; fileRef = DEB67A571E81A00B00705FDF /* MainInterface.storyboard */; };
		DEB67A5D1E81A00B00705FDF /* myContentExtension.appex in Embed App Extensions */ = {isa = PBXBuildFile; fileRef = DEB67A4E1E81A00B00705FDF /* myContentExtension.appex */; settings = {ATTRIBUTES = (RemoveHeadersOnCopy, ); }; };
/* End PBXBuildFile section */

/* Begin PBXContainerItemProxy section */
		DEB67A5B1E81A00B00705FDF /* PBXContainerItemProxy */ = {
			isa = PBXContainerItemProxy;
			containerPortal = DEB67A2B1E8195A500705FDF /* Project object */;
			proxyType = 1;
			remoteGlobalIDString = DEB67A4D1E81A00B00705FDF;
			remoteInfo = myContentExtension;
		};
/* End PBXContainerItemProxy section */

/* Begin PBXCopyFilesBuildPhase section */
		DEB67A611E81A00B00705FDF /* Embed App Extensions */ = {
			isa = PBXCopyFilesBuildPhase;
			buildActionMask = 2147483647;
			dstPath = "";
			dstSubfolderSpec = 13;
			files = (
				DEB67A5D1E81A00B00705FDF /* myContentExtension.appex in Embed App Extensions */,
			);
			name = "Embed App Extensions";
			runOnlyForDeploymentPostprocessing = 0;
		};
/* End PBXCopyFilesBuildPhase section */

/* Begin PBXFileReference section */
		DEB67A331E8195A600705FDF /* NewNotifications.app */ = {isa = PBXFileReference; explicitFileType = wrapper.application; includeInIndex = 0; path = NewNotifications.app; sourceTree = BUILT_PRODUCTS_DIR; };
		DEB67A361E8195A600705FDF /* AppDelegate.swift */ = {isa = PBXFileReference; lastKnownFileType = sourcecode.swift; path = AppDelegate.swift; sourceTree = "<group>"; };
		DEB67A381E8195A600705FDF /* ViewController.swift */ = {isa = PBXFileReference; lastKnownFileType = sourcecode.swift; path = ViewController.swift; sourceTree = "<group>"; };
		DEB67A3B1E8195A600705FDF /* Base */ = {isa = PBXFileReference; lastKnownFileType = file.storyboard; name = Base; path = Base.lproj/Main.storyboard; sourceTree = "<group>"; };
		DEB67A3D1E8195A600705FDF /* Assets.xcassets */ = {isa = PBXFileReference; lastKnownFileType = folder.assetcatalog; path = Assets.xcassets; sourceTree = "<group>"; };
		DEB67A401E8195A600705FDF /* Base */ = {isa = PBXFileReference; lastKnownFileType = file.storyboard; name = Base; path = Base.lproj/LaunchScreen.storyboard; sourceTree = "<group>"; };
		DEB67A421E8195A600705FDF /* Info.plist */ = {isa = PBXFileReference; lastKnownFileType = text.plist.xml; path = Info.plist; sourceTree = "<group>"; };
		DEB67A481E819B7E00705FDF /* rihanna_giphy.gif */ = {isa = PBXFileReference; lastKnownFileType = image.gif; path = rihanna_giphy.gif; sourceTree = "<group>"; };
		DEB67A4E1E81A00B00705FDF /* myContentExtension.appex */ = {isa = PBXFileReference; explicitFileType = "wrapper.app-extension"; includeInIndex = 0; path = myContentExtension.appex; sourceTree = BUILT_PRODUCTS_DIR; };
		DEB67A501E81A00B00705FDF /* UserNotifications.framework */ = {isa = PBXFileReference; lastKnownFileType = wrapper.framework; name = UserNotifications.framework; path = System/Library/Frameworks/UserNotifications.framework; sourceTree = SDKROOT; };
		DEB67A521E81A00B00705FDF /* UserNotificationsUI.framework */ = {isa = PBXFileReference; lastKnownFileType = wrapper.framework; name = UserNotificationsUI.framework; path = System/Library/Frameworks/UserNotificationsUI.framework; sourceTree = SDKROOT; };
		DEB67A551E81A00B00705FDF /* NotificationViewController.swift */ = {isa = PBXFileReference; lastKnownFileType = sourcecode.swift; path = NotificationViewController.swift; sourceTree = "<group>"; };
		DEB67A581E81A00B00705FDF /* Base */ = {isa = PBXFileReference; lastKnownFileType = file.storyboard; name = Base; path = Base.lproj/MainInterface.storyboard; sourceTree = "<group>"; };
		DEB67A5A1E81A00B00705FDF /* Info.plist */ = {isa = PBXFileReference; lastKnownFileType = text.plist.xml; path = Info.plist; sourceTree = "<group>"; };
/* End PBXFileReference section */

/* Begin PBXFrameworksBuildPhase section */
		DEB67A301E8195A500705FDF /* Frameworks */ = {
			isa = PBXFrameworksBuildPhase;
			buildActionMask = 2147483647;
			files = (
			);
			runOnlyForDeploymentPostprocessing = 0;
		};
		DEB67A4B1E81A00B00705FDF /* Frameworks */ = {
			isa = PBXFrameworksBuildPhase;
			buildActionMask = 2147483647;
			files = (
				DEB67A531E81A00B00705FDF /* UserNotificationsUI.framework in Frameworks */,
				DEB67A511E81A00B00705FDF /* UserNotifications.framework in Frameworks */,
			);
			runOnlyForDeploymentPostprocessing = 0;
		};
/* End PBXFrameworksBuildPhase section */

/* Begin PBXGroup section */
		DEB67A2A1E8195A500705FDF = {
			isa = PBXGroup;
			children = (
				DEB67A541E81A00B00705FDF /* myContentExtension */,
				DEB67A351E8195A600705FDF /* NewNotifications */,
				DEB67A4F1E81A00B00705FDF /* Frameworks */,
				DEB67A341E8195A600705FDF /* Products */,
			);
			sourceTree = "<group>";
		};
		DEB67A341E8195A600705FDF /* Products */ = {
			isa = PBXGroup;
			children = (
				DEB67A331E8195A600705FDF /* NewNotifications.app */,
				DEB67A4E1E81A00B00705FDF /* myContentExtension.appex */,
			);
			name = Products;
			sourceTree = "<group>";
		};
		DEB67A351E8195A600705FDF /* NewNotifications */ = {
			isa = PBXGroup;
			children = (
				DEB67A361E8195A600705FDF /* AppDelegate.swift */,
				DEB67A381E8195A600705FDF /* ViewController.swift */,
				DEB67A481E819B7E00705FDF /* rihanna_giphy.gif */,
				DEB67A3A1E8195A600705FDF /* Main.storyboard */,
				DEB67A3D1E8195A600705FDF /* Assets.xcassets */,
				DEB67A3F1E8195A600705FDF /* LaunchScreen.storyboard */,
				DEB67A421E8195A600705FDF /* Info.plist */,
			);
			path = NewNotifications;
			sourceTree = "<group>";
		};
		DEB67A4F1E81A00B00705FDF /* Frameworks */ = {
			isa = PBXGroup;
			children = (
				DEB67A501E81A00B00705FDF /* UserNotifications.framework */,
				DEB67A521E81A00B00705FDF /* UserNotificationsUI.framework */,
			);
			name = Frameworks;
			sourceTree = "<group>";
		};
		DEB67A541E81A00B00705FDF /* myContentExtension */ = {
			isa = PBXGroup;
			children = (
				DEB67A551E81A00B00705FDF /* NotificationViewController.swift */,
				DEB67A571E81A00B00705FDF /* MainInterface.storyboard */,
				DEB67A5A1E81A00B00705FDF /* Info.plist */,
			);
			path = myContentExtension;
			sourceTree = "<group>";
		};
/* End PBXGroup section */

/* Begin PBXNativeTarget section */
		DEB67A321E8195A500705FDF /* NewNotifications */ = {
			isa = PBXNativeTarget;
			buildConfigurationList = DEB67A451E8195A600705FDF /* Build configuration list for PBXNativeTarget "NewNotifications" */;
			buildPhases = (
				DEB67A2F1E8195A500705FDF /* Sources */,
				DEB67A301E8195A500705FDF /* Frameworks */,
				DEB67A311E8195A500705FDF /* Resources */,
				DEB67A611E81A00B00705FDF /* Embed App Extensions */,
			);
			buildRules = (
			);
			dependencies = (
				DEB67A5C1E81A00B00705FDF /* PBXTargetDependency */,
			);
			name = NewNotifications;
			productName = NewNotifications;
			productReference = DEB67A331E8195A600705FDF /* NewNotifications.app */;
			productType = "com.apple.product-type.application";
		};
		DEB67A4D1E81A00B00705FDF /* myContentExtension */ = {
			isa = PBXNativeTarget;
			buildConfigurationList = DEB67A5E1E81A00B00705FDF /* Build configuration list for PBXNativeTarget "myContentExtension" */;
			buildPhases = (
				DEB67A4A1E81A00B00705FDF /* Sources */,
				DEB67A4B1E81A00B00705FDF /* Frameworks */,
				DEB67A4C1E81A00B00705FDF /* Resources */,
			);
			buildRules = (
			);
			dependencies = (
			);
			name = myContentExtension;
			productName = myContentExtension;
			productReference = DEB67A4E1E81A00B00705FDF /* myContentExtension.appex */;
			productType = "com.apple.product-type.app-extension";
		};
/* End PBXNativeTarget section */

/* Begin PBXProject section */
		DEB67A2B1E8195A500705FDF /* Project object */ = {
			isa = PBXProject;
			attributes = {
				LastSwiftUpdateCheck = 0820;
				LastUpgradeCheck = 0820;
				ORGANIZATIONNAME = "Bettina Prophete";
				TargetAttributes = {
					DEB67A321E8195A500705FDF = {
						CreatedOnToolsVersion = 8.2;
						DevelopmentTeam = PC6SC7E96K;
						ProvisioningStyle = Automatic;
					};
					DEB67A4D1E81A00B00705FDF = {
						CreatedOnToolsVersion = 8.2;
						DevelopmentTeam = PC6SC7E96K;
						ProvisioningStyle = Automatic;
					};
				};
			};
			buildConfigurationList = DEB67A2E1E8195A500705FDF /* Build configuration list for PBXProject "NewNotifications" */;
			compatibilityVersion = "Xcode 3.2";
			developmentRegion = English;
			hasScannedForEncodings = 0;
			knownRegions = (
				en,
				Base,
			);
			mainGroup = DEB67A2A1E8195A500705FDF;
			productRefGroup = DEB67A341E8195A600705FDF /* Products */;
			projectDirPath = "";
			projectRoot = "";
			targets = (
				DEB67A321E8195A500705FDF /* NewNotifications */,
				DEB67A4D1E81A00B00705FDF /* myContentExtension */,
			);
		};
/* End PBXProject section */

/* Begin PBXResourcesBuildPhase section */
		DEB67A311E8195A500705FDF /* Resources */ = {
			isa = PBXResourcesBuildPhase;
			buildActionMask = 2147483647;
			files = (
				DEB67A411E8195A600705FDF /* LaunchScreen.storyboard in Resources */,
				DEB67A3E1E8195A600705FDF /* Assets.xcassets in Resources */,
				DEB67A491E819B7E00705FDF /* rihanna_giphy.gif in Resources */,
				DEB67A3C1E8195A600705FDF /* Main.storyboard in Resources */,
			);
			runOnlyForDeploymentPostprocessing = 0;
		};
		DEB67A4C1E81A00B00705FDF /* Resources */ = {
			isa = PBXResourcesBuildPhase;
			buildActionMask = 2147483647;
			files = (
				DEB67A591E81A00B00705FDF /* MainInterface.storyboard in Resources */,
			);
			runOnlyForDeploymentPostprocessing = 0;
		};
/* End PBXResourcesBuildPhase section */

/* Begin PBXSourcesBuildPhase section */
		DEB67A2F1E8195A500705FDF /* Sources */ = {
			isa = PBXSourcesBuildPhase;
			buildActionMask = 2147483647;
			files = (
				DEB67A391E8195A600705FDF /* ViewController.swift in Sources */,
				DEB67A371E8195A600705FDF /* AppDelegate.swift in Sources */,
			);
			runOnlyForDeploymentPostprocessing = 0;
		};
		DEB67A4A1E81A00B00705FDF /* Sources */ = {
			isa = PBXSourcesBuildPhase;
			buildActionMask = 2147483647;
			files = (
				DEB67A561E81A00B00705FDF /* NotificationViewController.swift in Sources */,
			);
			runOnlyForDeploymentPostprocessing = 0;
		};
/* End PBXSourcesBuildPhase section */

/* Begin PBXTargetDependency section */
		DEB67A5C1E81A00B00705FDF /* PBXTargetDependency */ = {
			isa = PBXTargetDependency;
			target = DEB67A4D1E81A00B00705FDF /* myContentExtension */;
			targetProxy = DEB67A5B1E81A00B00705FDF /* PBXContainerItemProxy */;
		};
/* End PBXTargetDependency section */

/* Begin PBXVariantGroup section */
		DEB67A3A1E8195A600705FDF /* Main.storyboard */ = {
			isa = PBXVariantGroup;
			children = (
				DEB67A3B1E8195A600705FDF /* Base */,
			);
			name = Main.storyboard;
			sourceTree = "<group>";
		};
		DEB67A3F1E8195A600705FDF /* LaunchScreen.storyboard */ = {
			isa = PBXVariantGroup;
			children = (
				DEB67A401E8195A600705FDF /* Base */,
			);
			name = LaunchScreen.storyboard;
			sourceTree = "<group>";
		};
		DEB67A571E81A00B00705FDF /* MainInterface.storyboard */ = {
			isa = PBXVariantGroup;
			children = (
				DEB67A581E81A00B00705FDF /* Base */,
			);
			name = MainInterface.storyboard;
			sourceTree = "<group>";
		};
/* End PBXVariantGroup section */

/* Begin XCBuildConfiguration section */
		DEB67A431E8195A600705FDF /* Debug */ = {
			isa = XCBuildConfiguration;
			buildSettings = {
				ALWAYS_SEARCH_USER_PATHS = NO;
				CLANG_ANALYZER_NONNULL = YES;
				CLANG_CXX_LANGUAGE_STANDARD = "gnu++0x";
				CLANG_CXX_LIBRARY = "libc++";
				CLANG_ENABLE_MODULES = YES;
				CLANG_ENABLE_OBJC_ARC = YES;
				CLANG_WARN_BOOL_CONVERSION = YES;
				CLANG_WARN_CONSTANT_CONVERSION = YES;
				CLANG_WARN_DIRECT_OBJC_ISA_USAGE = YES_ERROR;
				CLANG_WARN_DOCUMENTATION_COMMENTS = YES;
				CLANG_WARN_EMPTY_BODY = YES;
				CLANG_WARN_ENUM_CONVERSION = YES;
				CLANG_WARN_INFINITE_RECURSION = YES;
				CLANG_WARN_INT_CONVERSION = YES;
				CLANG_WARN_OBJC_ROOT_CLASS = YES_ERROR;
				CLANG_WARN_SUSPICIOUS_MOVE = YES;
				CLANG_WARN_UNREACHABLE_CODE = YES;
				CLANG_WARN__DUPLICATE_METHOD_MATCH = YES;
				"CODE_SIGN_IDENTITY[sdk=iphoneos*]" = "iPhone Developer";
				COPY_PHASE_STRIP = NO;
				DEBUG_INFORMATION_FORMAT = dwarf;
				ENABLE_STRICT_OBJC_MSGSEND = YES;
				ENABLE_TESTABILITY = YES;
				GCC_C_LANGUAGE_STANDARD = gnu99;
				GCC_DYNAMIC_NO_PIC = NO;
				GCC_NO_COMMON_BLOCKS = YES;
				GCC_OPTIMIZATION_LEVEL = 0;
				GCC_PREPROCESSOR_DEFINITIONS = (
					"DEBUG=1",
					"$(inherited)",
				);
				GCC_WARN_64_TO_32_BIT_CONVERSION = YES;
				GCC_WARN_ABOUT_RETURN_TYPE = YES_ERROR;
				GCC_WARN_UNDECLARED_SELECTOR = YES;
				GCC_WARN_UNINITIALIZED_AUTOS = YES_AGGRESSIVE;
				GCC_WARN_UNUSED_FUNCTION = YES;
				GCC_WARN_UNUSED_VARIABLE = YES;
				IPHONEOS_DEPLOYMENT_TARGET = 10.2;
				MTL_ENABLE_DEBUG_INFO = YES;
				ONLY_ACTIVE_ARCH = YES;
				SDKROOT = iphoneos;
				SWIFT_ACTIVE_COMPILATION_CONDITIONS = DEBUG;
				SWIFT_OPTIMIZATION_LEVEL = "-Onone";
				TARGETED_DEVICE_FAMILY = "1,2";
			};
			name = Debug;
		};
		DEB67A441E8195A600705FDF /* Release */ = {
			isa = XCBuildConfiguration;
			buildSettings = {
				ALWAYS_SEARCH_USER_PATHS = NO;
				CLANG_ANALYZER_NONNULL = YES;
				CLANG_CXX_LANGUAGE_STANDARD = "gnu++0x";
				CLANG_CXX_LIBRARY = "libc++";
				CLANG_ENABLE_MODULES = YES;
				CLANG_ENABLE_OBJC_ARC = YES;
				CLANG_WARN_BOOL_CONVERSION = YES;
				CLANG_WARN_CONSTANT_CONVERSION = YES;
				CLANG_WARN_DIRECT_OBJC_ISA_USAGE = YES_ERROR;
				CLANG_WARN_DOCUMENTATION_COMMENTS = YES;
				CLANG_WARN_EMPTY_BODY = YES;
				CLANG_WARN_ENUM_CONVERSION = YES;
				CLANG_WARN_INFINITE_RECURSION = YES;
				CLANG_WARN_INT_CONVERSION = YES;
				CLANG_WARN_OBJC_ROOT_CLASS = YES_ERROR;
				CLANG_WARN_SUSPICIOUS_MOVE = YES;
				CLANG_WARN_UNREACHABLE_CODE = YES;
				CLANG_WARN__DUPLICATE_METHOD_MATCH = YES;
				"CODE_SIGN_IDENTITY[sdk=iphoneos*]" = "iPhone Developer";
				COPY_PHASE_STRIP = NO;
				DEBUG_INFORMATION_FORMAT = "dwarf-with-dsym";
				ENABLE_NS_ASSERTIONS = NO;
				ENABLE_STRICT_OBJC_MSGSEND = YES;
				GCC_C_LANGUAGE_STANDARD = gnu99;
				GCC_NO_COMMON_BLOCKS = YES;
				GCC_WARN_64_TO_32_BIT_CONVERSION = YES;
				GCC_WARN_ABOUT_RETURN_TYPE = YES_ERROR;
				GCC_WARN_UNDECLARED_SELECTOR = YES;
				GCC_WARN_UNINITIALIZED_AUTOS = YES_AGGRESSIVE;
				GCC_WARN_UNUSED_FUNCTION = YES;
				GCC_WARN_UNUSED_VARIABLE = YES;
				IPHONEOS_DEPLOYMENT_TARGET = 10.2;
				MTL_ENABLE_DEBUG_INFO = NO;
				SDKROOT = iphoneos;
				SWIFT_OPTIMIZATION_LEVEL = "-Owholemodule";
				TARGETED_DEVICE_FAMILY = "1,2";
				VALIDATE_PRODUCT = YES;
			};
			name = Release;
		};
		DEB67A461E8195A600705FDF /* Debug */ = {
			isa = XCBuildConfiguration;
			buildSettings = {
				ALWAYS_EMBED_SWIFT_STANDARD_LIBRARIES = YES;
				ASSETCATALOG_COMPILER_APPICON_NAME = AppIcon;
				DEVELOPMENT_TEAM = PC6SC7E96K;
				INFOPLIST_FILE = NewNotifications/Info.plist;
				LD_RUNPATH_SEARCH_PATHS = "$(inherited) @executable_path/Frameworks";
				PRODUCT_BUNDLE_IDENTIFIER = BP.NewNotifications;
				PRODUCT_NAME = "$(TARGET_NAME)";
				SWIFT_VERSION = 3.0;
			};
			name = Debug;
		};
		DEB67A471E8195A600705FDF /* Release */ = {
			isa = XCBuildConfiguration;
			buildSettings = {
				ALWAYS_EMBED_SWIFT_STANDARD_LIBRARIES = YES;
				ASSETCATALOG_COMPILER_APPICON_NAME = AppIcon;
				DEVELOPMENT_TEAM = PC6SC7E96K;
				INFOPLIST_FILE = NewNotifications/Info.plist;
				LD_RUNPATH_SEARCH_PATHS = "$(inherited) @executable_path/Frameworks";
				PRODUCT_BUNDLE_IDENTIFIER = BP.NewNotifications;
				PRODUCT_NAME = "$(TARGET_NAME)";
				SWIFT_VERSION = 3.0;
			};
			name = Release;
		};
		DEB67A5F1E81A00B00705FDF /* Debug */ = {
			isa = XCBuildConfiguration;
			buildSettings = {
				DEVELOPMENT_TEAM = PC6SC7E96K;
				INFOPLIST_FILE = myContentExtension/Info.plist;
				LD_RUNPATH_SEARCH_PATHS = "$(inherited) @executable_path/Frameworks @executable_path/../../Frameworks";
				PRODUCT_BUNDLE_IDENTIFIER = BP.NewNotifications.myContentExtension;
				PRODUCT_NAME = "$(TARGET_NAME)";
				SKIP_INSTALL = YES;
				SWIFT_VERSION = 3.0;
			};
			name = Debug;
		};
		DEB67A601E81A00B00705FDF /* Release */ = {
			isa = XCBuildConfiguration;
			buildSettings = {
				DEVELOPMENT_TEAM = PC6SC7E96K;
				INFOPLIST_FILE = myContentExtension/Info.plist;
				LD_RUNPATH_SEARCH_PATHS = "$(inherited) @executable_path/Frameworks @executable_path/../../Frameworks";
				PRODUCT_BUNDLE_IDENTIFIER = BP.NewNotifications.myContentExtension;
				PRODUCT_NAME = "$(TARGET_NAME)";
				SKIP_INSTALL = YES;
				SWIFT_VERSION = 3.0;
			};
			name = Release;
		};
/* End XCBuildConfiguration section */

/* Begin XCConfigurationList section */
		DEB67A2E1E8195A500705FDF /* Build configuration list for PBXProject "NewNotifications" */ = {
			isa = XCConfigurationList;
			buildConfigurations = (
				DEB67A431E8195A600705FDF /* Debug */,
				DEB67A441E8195A600705FDF /* Release */,
			);
			defaultConfigurationIsVisible = 0;
			defaultConfigurationName = Release;
		};
		DEB67A451E8195A600705FDF /* Build configuration list for PBXNativeTarget "NewNotifications" */ = {
			isa = XCConfigurationList;
			buildConfigurations = (
				DEB67A461E8195A600705FDF /* Debug */,
				DEB67A471E8195A600705FDF /* Release */,
			);
			defaultConfigurationIsVisible = 0;
		};
		DEB67A5E1E81A00B00705FDF /* Build configuration list for PBXNativeTarget "myContentExtension" */ = {
			isa = XCConfigurationList;
			buildConfigurations = (
				DEB67A5F1E81A00B00705FDF /* Debug */,
				DEB67A601E81A00B00705FDF /* Release */,
			);
			defaultConfigurationIsVisible = 0;
		};
/* End XCConfigurationList section */
	};
	rootObject = DEB67A2B1E8195A500705FDF /* Project object */;
}
